
Microsoft Visual Studio Solution File, Format Version 12.00
# Visual Studio Version 17
VisualStudioVersion = 17.8.34511.84
MinimumVisualStudioVersion = 10.0.40219.1
Project("{9A19103F-16F7-4668-BE54-9A1E7A4F7556}") = "RankingTableLeague", "RankingTableLeague\RankingTableLeague.csproj", "{0A307C9A-399B-4B51-AC8F-975EE3BE0DD2}"
EndProject
Project("{FAE04EC0-301F-11D3-BF4B-00C04F79EFBC}") = "UnitTestsRankingTableLeague", "UnitTestsRankingTableLeague\UnitTestsRankingTableLeague.csproj", "{05C9A23F-3AF9-4548-9446-95F6C8A27988}"
EndProject
Global
	GlobalSection(SolutionConfigurationPlatforms) = preSolution
		Debug|Any CPU = Debug|Any CPU
		Release|Any CPU = Release|Any CPU
	EndGlobalSection
	GlobalSection(ProjectConfigurationPlatforms) = postSolution
		{0A307C9A-399B-4B51-AC8F-975EE3BE0DD2}.Debug|Any CPU.ActiveCfg = Debug|Any CPU
		{0A307C9A-399B-4B51-AC8F-975EE3BE0DD2}.Debug|Any CPU.Build.0 = Debug|Any CPU
		{0A307C9A-399B-4B51-AC8F-975EE3BE0DD2}.Release|Any CPU.ActiveCfg = Release|Any CPU
		{0A307C9A-399B-4B51-AC8F-975EE3BE0DD2}.Release|Any CPU.Build.0 = Release|Any CPU
		{05C9A23F-3AF9-4548-9446-95F6C8A27988}.Debug|Any CPU.ActiveCfg = Debug|Any CPU
		{05C9A23F-3AF9-4548-9446-95F6C8A27988}.Debug|Any CPU.Build.0 = Debug|Any CPU
		{05C9A23F-3AF9-4548-9446-95F6C8A27988}.Release|Any CPU.ActiveCfg = Release|Any CPU
		{05C9A23F-3AF9-4548-9446-95F6C8A27988}.Release|Any CPU.Build.0 = Release|Any CPU
	EndGlobalSection
	GlobalSection(SolutionProperties) = preSolution
		HideSolutionNode = FALSE
	EndGlobalSection
	GlobalSection(ExtensibilityGlobals) = postSolution
		SolutionGuid = {1EF27130-2F24-455A-96AE-0F38B3277F05}
	EndGlobalSection
EndGlobal
